
Microsoft Visual Studio Solution File, Format Version 12.00
# Visual Studio Version 17
VisualStudioVersion = 17.0.31521.260
MinimumVisualStudioVersion = 10.0.40219.1
Project("{2150E333-8FDC-42A3-9474-1A3956D46DE8}") = "src", "src", "{92F40AFA-8416-40BE-9893-D35E1924C69D}"
EndProject
Project("{2150E333-8FDC-42A3-9474-1A3956D46DE8}") = "Services", "Services", "{4A1D2DFA-D091-4CD2-B9CB-D7AAA795ABD9}"
EndProject
Project("{2150E333-8FDC-42A3-9474-1A3956D46DE8}") = "dapr", "dapr", "{E011B243-0389-468B-B903-83445BED69A4}"
EndProject
Project("{2150E333-8FDC-42A3-9474-1A3956D46DE8}") = "components", "components", "{FBFB499A-7022-4417-881B-68F63DBDB7F4}"
	ProjectSection(SolutionItems) = preProject
		dapr\components\pubsub.yaml = dapr\components\pubsub.yaml
		dapr\components\statestore.yaml = dapr\components\statestore.yaml
	EndProjectSection
EndProject
Project("{2150E333-8FDC-42A3-9474-1A3956D46DE8}") = "Test", "Test", "{88AD0A79-5286-4C1C-8A58-AAC9E6870CCD}"
EndProject
Project("{2150E333-8FDC-42A3-9474-1A3956D46DE8}") = "Web", "Web", "{F3986DD3-0372-4929-B72A-09D93196541E}"
EndProject
Project("{2150E333-8FDC-42A3-9474-1A3956D46DE8}") = "solution items", "solution items", "{C64F965A-C695-416C-95F2-F9DEC98EF414}"
	ProjectSection(SolutionItems) = preProject
		Directory.Build.props = Directory.Build.props
	EndProjectSection
EndProject
Project("{9A19103F-16F7-4668-BE54-9A1E7A4F7556}") = "Masa.Workflow.Service", "src\Services\Masa.Workflow.Service\Masa.Workflow.Service.csproj", "{63FFF880-FE34-4E4E-A35F-35AFB47EE82D}"
EndProject
Project("{9A19103F-16F7-4668-BE54-9A1E7A4F7556}") = "Masa.Workflow.Activity", "src\Web\Masa.Workflow.Activity\Masa.Workflow.Activity.csproj", "{C0E6E30C-313B-43BD-A7DE-C9AC3A186978}"
EndProject
Project("{9A19103F-16F7-4668-BE54-9A1E7A4F7556}") = "Masa.Blazor", "..\MASA.Blazor\src\Masa.Blazor\Masa.Blazor.csproj", "{581C8A81-D51D-4E01-8BFC-6DB376F877D8}"
EndProject
Project("{9A19103F-16F7-4668-BE54-9A1E7A4F7556}") = "Masa.Workflow.Server", "src\Web\Masa.Workflow.Server\Masa.Workflow.Server.csproj", "{2E5D7D53-809B-487D-8629-6F8A44DD2A3C}"
EndProject
Project("{9A19103F-16F7-4668-BE54-9A1E7A4F7556}") = "Masa.Workflow.RCL", "src\Web\Masa.Workflow.RCL\Masa.Workflow.RCL.csproj", "{3411B48D-4F28-4605-86B4-8B547EA5635E}"
EndProject
Project("{9A19103F-16F7-4668-BE54-9A1E7A4F7556}") = "BlazorComponent", "..\MASA.Blazor\src\BlazorComponent\src\Component\BlazorComponent\BlazorComponent.csproj", "{4563A3D6-CFBE-4DC9-90AC-F68C41B15696}"
EndProject
Project("{9A19103F-16F7-4668-BE54-9A1E7A4F7556}") = "Masa.Workflow.ActivityCore", "src\Web\Masa.Workflow.ActivityCore\Masa.Workflow.ActivityCore.csproj", "{96168F63-000F-49CA-A1A8-A0A6D5BC0F9F}"
EndProject
Project("{9A19103F-16F7-4668-BE54-9A1E7A4F7556}") = "Masa.Workflow.ActivityTest", "src\Test\Masa.Workflow.ActivityTest\Masa.Workflow.ActivityTest.csproj", "{D89998DA-2831-4831-A8BA-892E1DDE51C8}"
EndProject
Project("{9A19103F-16F7-4668-BE54-9A1E7A4F7556}") = "Masa.Workflow.Interactive", "src\Web\Masa.Workflow.Interactive\Masa.Workflow.Interactive.csproj", "{883DE6EA-0012-4A61-88C7-B0764B20D6EA}"
EndProject
Project("{9A19103F-16F7-4668-BE54-9A1E7A4F7556}") = "Masa.Workflow.InteractiveTest", "src\Test\Masa.Workflow.InteractiveTest\Masa.Workflow.InteractiveTest.csproj", "{7A9CCD94-18B6-4D76-8222-2B501E837952}"
EndProject
Project("{9A19103F-16F7-4668-BE54-9A1E7A4F7556}") = "Masa.Workflow.Worker", "src\Services\Masa.Workflow.Worker\Masa.Workflow.Worker.csproj", "{D1005C54-8331-4BBC-8F86-3A2E4F90F069}"
EndProject
Project("{9A19103F-16F7-4668-BE54-9A1E7A4F7556}") = "Masa.Workflow.Core", "src\Services\Masa.Workflow.Core\Masa.Workflow.Core.csproj", "{766F2A5A-2516-4581-A411-AB362D55E7F8}"
EndProject
Project("{9A19103F-16F7-4668-BE54-9A1E7A4F7556}") = "Masa.Workflow.Activities", "src\Services\Masa.Workflow.Activities\Masa.Workflow.Activities.csproj", "{23B4E7E8-CED8-4177-A6D8-ED077DD981F7}"
EndProject
Project("{2150E333-8FDC-42A3-9474-1A3956D46DE8}") = "Contracts", "Contracts", "{895FF7F9-4035-4EF8-9924-0F28A2A10AE7}"
EndProject
Project("{9A19103F-16F7-4668-BE54-9A1E7A4F7556}") = "Masa.Workflow.Activities.Contracts", "src\Contracts\Masa.Workflow.Activities.Contracts\Masa.Workflow.Activities.Contracts.csproj", "{BB7CE13B-A3AE-40FA-9FEB-60D64BF41F62}"
EndProject
Project("{9A19103F-16F7-4668-BE54-9A1E7A4F7556}") = "Masa.Blazor.Docs.ApiGenerator", "..\MASA.Blazor\src\Masa.Blazor.Docs.ApiGenerator\Masa.Blazor.Docs.ApiGenerator.csproj", "{8D365019-6022-4530-9CE2-922B235209AC}"
EndProject
Project("{9A19103F-16F7-4668-BE54-9A1E7A4F7556}") = "Masa.Blazor.Docs.ComponentApiGenerator", "..\MASA.Blazor\src\Masa.Blazor.Docs.ComponentApiGenerator\Masa.Blazor.Docs.ComponentApiGenerator.csproj", "{B38D940E-0439-4E4A-BDA1-889ACB52BBC2}"
EndProject
Project("{9A19103F-16F7-4668-BE54-9A1E7A4F7556}") = "Masa.Blazor.Docs.ApiGenerator.Shared", "..\MASA.Blazor\src\Masa.Blazor.Docs.ApiGenerator.Shared\Masa.Blazor.Docs.ApiGenerator.Shared.csproj", "{A288E7C1-D813-441F-B4A6-FA76D33F3A1A}"
EndProject
Global
	GlobalSection(SolutionConfigurationPlatforms) = preSolution
		Debug|Any CPU = Debug|Any CPU
		Debug|x86 = Debug|x86
		Release|Any CPU = Release|Any CPU
		Release|x86 = Release|x86
	EndGlobalSection
	GlobalSection(ProjectConfigurationPlatforms) = postSolution
		{63FFF880-FE34-4E4E-A35F-35AFB47EE82D}.Debug|Any CPU.ActiveCfg = Debug|Any CPU
		{63FFF880-FE34-4E4E-A35F-35AFB47EE82D}.Debug|Any CPU.Build.0 = Debug|Any CPU
		{63FFF880-FE34-4E4E-A35F-35AFB47EE82D}.Debug|x86.ActiveCfg = Debug|Any CPU
		{63FFF880-FE34-4E4E-A35F-35AFB47EE82D}.Debug|x86.Build.0 = Debug|Any CPU
		{63FFF880-FE34-4E4E-A35F-35AFB47EE82D}.Release|Any CPU.ActiveCfg = Release|Any CPU
		{63FFF880-FE34-4E4E-A35F-35AFB47EE82D}.Release|Any CPU.Build.0 = Release|Any CPU
		{63FFF880-FE34-4E4E-A35F-35AFB47EE82D}.Release|x86.ActiveCfg = Release|Any CPU
		{63FFF880-FE34-4E4E-A35F-35AFB47EE82D}.Release|x86.Build.0 = Release|Any CPU
		{C0E6E30C-313B-43BD-A7DE-C9AC3A186978}.Debug|Any CPU.ActiveCfg = Debug|Any CPU
		{C0E6E30C-313B-43BD-A7DE-C9AC3A186978}.Debug|Any CPU.Build.0 = Debug|Any CPU
		{C0E6E30C-313B-43BD-A7DE-C9AC3A186978}.Debug|x86.ActiveCfg = Debug|Any CPU
		{C0E6E30C-313B-43BD-A7DE-C9AC3A186978}.Debug|x86.Build.0 = Debug|Any CPU
		{C0E6E30C-313B-43BD-A7DE-C9AC3A186978}.Release|Any CPU.ActiveCfg = Release|Any CPU
		{C0E6E30C-313B-43BD-A7DE-C9AC3A186978}.Release|Any CPU.Build.0 = Release|Any CPU
		{C0E6E30C-313B-43BD-A7DE-C9AC3A186978}.Release|x86.ActiveCfg = Release|Any CPU
		{C0E6E30C-313B-43BD-A7DE-C9AC3A186978}.Release|x86.Build.0 = Release|Any CPU
		{581C8A81-D51D-4E01-8BFC-6DB376F877D8}.Debug|Any CPU.ActiveCfg = Debug|Any CPU
		{581C8A81-D51D-4E01-8BFC-6DB376F877D8}.Debug|Any CPU.Build.0 = Debug|Any CPU
		{581C8A81-D51D-4E01-8BFC-6DB376F877D8}.Debug|x86.ActiveCfg = Debug|Any CPU
		{581C8A81-D51D-4E01-8BFC-6DB376F877D8}.Debug|x86.Build.0 = Debug|Any CPU
		{581C8A81-D51D-4E01-8BFC-6DB376F877D8}.Release|Any CPU.ActiveCfg = Release|Any CPU
		{581C8A81-D51D-4E01-8BFC-6DB376F877D8}.Release|Any CPU.Build.0 = Release|Any CPU
		{581C8A81-D51D-4E01-8BFC-6DB376F877D8}.Release|x86.ActiveCfg = Release|Any CPU
		{581C8A81-D51D-4E01-8BFC-6DB376F877D8}.Release|x86.Build.0 = Release|Any CPU
		{2E5D7D53-809B-487D-8629-6F8A44DD2A3C}.Debug|Any CPU.ActiveCfg = Debug|Any CPU
		{2E5D7D53-809B-487D-8629-6F8A44DD2A3C}.Debug|Any CPU.Build.0 = Debug|Any CPU
		{2E5D7D53-809B-487D-8629-6F8A44DD2A3C}.Debug|x86.ActiveCfg = Debug|Any CPU
		{2E5D7D53-809B-487D-8629-6F8A44DD2A3C}.Debug|x86.Build.0 = Debug|Any CPU
		{2E5D7D53-809B-487D-8629-6F8A44DD2A3C}.Release|Any CPU.ActiveCfg = Release|Any CPU
		{2E5D7D53-809B-487D-8629-6F8A44DD2A3C}.Release|Any CPU.Build.0 = Release|Any CPU
		{2E5D7D53-809B-487D-8629-6F8A44DD2A3C}.Release|x86.ActiveCfg = Release|Any CPU
		{2E5D7D53-809B-487D-8629-6F8A44DD2A3C}.Release|x86.Build.0 = Release|Any CPU
		{3411B48D-4F28-4605-86B4-8B547EA5635E}.Debug|Any CPU.ActiveCfg = Debug|Any CPU
		{3411B48D-4F28-4605-86B4-8B547EA5635E}.Debug|Any CPU.Build.0 = Debug|Any CPU
		{3411B48D-4F28-4605-86B4-8B547EA5635E}.Debug|x86.ActiveCfg = Debug|Any CPU
		{3411B48D-4F28-4605-86B4-8B547EA5635E}.Debug|x86.Build.0 = Debug|Any CPU
		{3411B48D-4F28-4605-86B4-8B547EA5635E}.Release|Any CPU.ActiveCfg = Release|Any CPU
		{3411B48D-4F28-4605-86B4-8B547EA5635E}.Release|Any CPU.Build.0 = Release|Any CPU
		{3411B48D-4F28-4605-86B4-8B547EA5635E}.Release|x86.ActiveCfg = Release|Any CPU
		{3411B48D-4F28-4605-86B4-8B547EA5635E}.Release|x86.Build.0 = Release|Any CPU
		{4563A3D6-CFBE-4DC9-90AC-F68C41B15696}.Debug|Any CPU.ActiveCfg = Debug|Any CPU
		{4563A3D6-CFBE-4DC9-90AC-F68C41B15696}.Debug|Any CPU.Build.0 = Debug|Any CPU
		{4563A3D6-CFBE-4DC9-90AC-F68C41B15696}.Debug|x86.ActiveCfg = Debug|Any CPU
		{4563A3D6-CFBE-4DC9-90AC-F68C41B15696}.Debug|x86.Build.0 = Debug|Any CPU
		{4563A3D6-CFBE-4DC9-90AC-F68C41B15696}.Release|Any CPU.ActiveCfg = Release|Any CPU
		{4563A3D6-CFBE-4DC9-90AC-F68C41B15696}.Release|Any CPU.Build.0 = Release|Any CPU
		{4563A3D6-CFBE-4DC9-90AC-F68C41B15696}.Release|x86.ActiveCfg = Release|Any CPU
		{4563A3D6-CFBE-4DC9-90AC-F68C41B15696}.Release|x86.Build.0 = Release|Any CPU
		{96168F63-000F-49CA-A1A8-A0A6D5BC0F9F}.Debug|Any CPU.ActiveCfg = Debug|Any CPU
		{96168F63-000F-49CA-A1A8-A0A6D5BC0F9F}.Debug|Any CPU.Build.0 = Debug|Any CPU
		{96168F63-000F-49CA-A1A8-A0A6D5BC0F9F}.Debug|x86.ActiveCfg = Debug|Any CPU
		{96168F63-000F-49CA-A1A8-A0A6D5BC0F9F}.Debug|x86.Build.0 = Debug|Any CPU
		{96168F63-000F-49CA-A1A8-A0A6D5BC0F9F}.Release|Any CPU.ActiveCfg = Release|Any CPU
		{96168F63-000F-49CA-A1A8-A0A6D5BC0F9F}.Release|Any CPU.Build.0 = Release|Any CPU
		{96168F63-000F-49CA-A1A8-A0A6D5BC0F9F}.Release|x86.ActiveCfg = Release|Any CPU
		{96168F63-000F-49CA-A1A8-A0A6D5BC0F9F}.Release|x86.Build.0 = Release|Any CPU
		{D89998DA-2831-4831-A8BA-892E1DDE51C8}.Debug|Any CPU.ActiveCfg = Debug|Any CPU
		{D89998DA-2831-4831-A8BA-892E1DDE51C8}.Debug|Any CPU.Build.0 = Debug|Any CPU
		{D89998DA-2831-4831-A8BA-892E1DDE51C8}.Debug|x86.ActiveCfg = Debug|Any CPU
		{D89998DA-2831-4831-A8BA-892E1DDE51C8}.Debug|x86.Build.0 = Debug|Any CPU
		{D89998DA-2831-4831-A8BA-892E1DDE51C8}.Release|Any CPU.ActiveCfg = Release|Any CPU
		{D89998DA-2831-4831-A8BA-892E1DDE51C8}.Release|Any CPU.Build.0 = Release|Any CPU
		{D89998DA-2831-4831-A8BA-892E1DDE51C8}.Release|x86.ActiveCfg = Release|Any CPU
		{D89998DA-2831-4831-A8BA-892E1DDE51C8}.Release|x86.Build.0 = Release|Any CPU
		{883DE6EA-0012-4A61-88C7-B0764B20D6EA}.Debug|Any CPU.ActiveCfg = Debug|Any CPU
		{883DE6EA-0012-4A61-88C7-B0764B20D6EA}.Debug|Any CPU.Build.0 = Debug|Any CPU
		{883DE6EA-0012-4A61-88C7-B0764B20D6EA}.Debug|x86.ActiveCfg = Debug|Any CPU
		{883DE6EA-0012-4A61-88C7-B0764B20D6EA}.Debug|x86.Build.0 = Debug|Any CPU
		{883DE6EA-0012-4A61-88C7-B0764B20D6EA}.Release|Any CPU.ActiveCfg = Release|Any CPU
		{883DE6EA-0012-4A61-88C7-B0764B20D6EA}.Release|Any CPU.Build.0 = Release|Any CPU
		{883DE6EA-0012-4A61-88C7-B0764B20D6EA}.Release|x86.ActiveCfg = Release|Any CPU
		{883DE6EA-0012-4A61-88C7-B0764B20D6EA}.Release|x86.Build.0 = Release|Any CPU
		{7A9CCD94-18B6-4D76-8222-2B501E837952}.Debug|Any CPU.ActiveCfg = Debug|Any CPU
		{7A9CCD94-18B6-4D76-8222-2B501E837952}.Debug|Any CPU.Build.0 = Debug|Any CPU
		{7A9CCD94-18B6-4D76-8222-2B501E837952}.Debug|x86.ActiveCfg = Debug|Any CPU
		{7A9CCD94-18B6-4D76-8222-2B501E837952}.Debug|x86.Build.0 = Debug|Any CPU
		{7A9CCD94-18B6-4D76-8222-2B501E837952}.Release|Any CPU.ActiveCfg = Release|Any CPU
		{7A9CCD94-18B6-4D76-8222-2B501E837952}.Release|Any CPU.Build.0 = Release|Any CPU
		{7A9CCD94-18B6-4D76-8222-2B501E837952}.Release|x86.ActiveCfg = Release|Any CPU
		{7A9CCD94-18B6-4D76-8222-2B501E837952}.Release|x86.Build.0 = Release|Any CPU
		{D1005C54-8331-4BBC-8F86-3A2E4F90F069}.Debug|Any CPU.ActiveCfg = Debug|Any CPU
		{D1005C54-8331-4BBC-8F86-3A2E4F90F069}.Debug|Any CPU.Build.0 = Debug|Any CPU
		{D1005C54-8331-4BBC-8F86-3A2E4F90F069}.Debug|x86.ActiveCfg = Debug|Any CPU
		{D1005C54-8331-4BBC-8F86-3A2E4F90F069}.Debug|x86.Build.0 = Debug|Any CPU
		{D1005C54-8331-4BBC-8F86-3A2E4F90F069}.Release|Any CPU.ActiveCfg = Release|Any CPU
		{D1005C54-8331-4BBC-8F86-3A2E4F90F069}.Release|Any CPU.Build.0 = Release|Any CPU
		{D1005C54-8331-4BBC-8F86-3A2E4F90F069}.Release|x86.ActiveCfg = Release|Any CPU
		{D1005C54-8331-4BBC-8F86-3A2E4F90F069}.Release|x86.Build.0 = Release|Any CPU
		{766F2A5A-2516-4581-A411-AB362D55E7F8}.Debug|Any CPU.ActiveCfg = Debug|Any CPU
		{766F2A5A-2516-4581-A411-AB362D55E7F8}.Debug|Any CPU.Build.0 = Debug|Any CPU
		{766F2A5A-2516-4581-A411-AB362D55E7F8}.Debug|x86.ActiveCfg = Debug|Any CPU
		{766F2A5A-2516-4581-A411-AB362D55E7F8}.Debug|x86.Build.0 = Debug|Any CPU
		{766F2A5A-2516-4581-A411-AB362D55E7F8}.Release|Any CPU.ActiveCfg = Release|Any CPU
		{766F2A5A-2516-4581-A411-AB362D55E7F8}.Release|Any CPU.Build.0 = Release|Any CPU
		{766F2A5A-2516-4581-A411-AB362D55E7F8}.Release|x86.ActiveCfg = Release|Any CPU
		{766F2A5A-2516-4581-A411-AB362D55E7F8}.Release|x86.Build.0 = Release|Any CPU
		{23B4E7E8-CED8-4177-A6D8-ED077DD981F7}.Debug|Any CPU.ActiveCfg = Debug|Any CPU
		{23B4E7E8-CED8-4177-A6D8-ED077DD981F7}.Debug|Any CPU.Build.0 = Debug|Any CPU
		{23B4E7E8-CED8-4177-A6D8-ED077DD981F7}.Debug|x86.ActiveCfg = Debug|Any CPU
		{23B4E7E8-CED8-4177-A6D8-ED077DD981F7}.Debug|x86.Build.0 = Debug|Any CPU
		{23B4E7E8-CED8-4177-A6D8-ED077DD981F7}.Release|Any CPU.ActiveCfg = Release|Any CPU
		{23B4E7E8-CED8-4177-A6D8-ED077DD981F7}.Release|Any CPU.Build.0 = Release|Any CPU
		{23B4E7E8-CED8-4177-A6D8-ED077DD981F7}.Release|x86.ActiveCfg = Release|Any CPU
		{23B4E7E8-CED8-4177-A6D8-ED077DD981F7}.Release|x86.Build.0 = Release|Any CPU
		{BB7CE13B-A3AE-40FA-9FEB-60D64BF41F62}.Debug|Any CPU.ActiveCfg = Debug|Any CPU
		{BB7CE13B-A3AE-40FA-9FEB-60D64BF41F62}.Debug|Any CPU.Build.0 = Debug|Any CPU
		{BB7CE13B-A3AE-40FA-9FEB-60D64BF41F62}.Debug|x86.ActiveCfg = Debug|Any CPU
		{BB7CE13B-A3AE-40FA-9FEB-60D64BF41F62}.Debug|x86.Build.0 = Debug|Any CPU
		{BB7CE13B-A3AE-40FA-9FEB-60D64BF41F62}.Release|Any CPU.ActiveCfg = Release|Any CPU
		{BB7CE13B-A3AE-40FA-9FEB-60D64BF41F62}.Release|Any CPU.Build.0 = Release|Any CPU
		{BB7CE13B-A3AE-40FA-9FEB-60D64BF41F62}.Release|x86.ActiveCfg = Release|Any CPU
		{BB7CE13B-A3AE-40FA-9FEB-60D64BF41F62}.Release|x86.Build.0 = Release|Any CPU
		{8D365019-6022-4530-9CE2-922B235209AC}.Debug|Any CPU.ActiveCfg = Debug|Any CPU
		{8D365019-6022-4530-9CE2-922B235209AC}.Debug|Any CPU.Build.0 = Debug|Any CPU
		{8D365019-6022-4530-9CE2-922B235209AC}.Debug|x86.ActiveCfg = Debug|Any CPU
		{8D365019-6022-4530-9CE2-922B235209AC}.Debug|x86.Build.0 = Debug|Any CPU
		{8D365019-6022-4530-9CE2-922B235209AC}.Release|Any CPU.ActiveCfg = Release|Any CPU
		{8D365019-6022-4530-9CE2-922B235209AC}.Release|Any CPU.Build.0 = Release|Any CPU
		{8D365019-6022-4530-9CE2-922B235209AC}.Release|x86.ActiveCfg = Release|Any CPU
		{8D365019-6022-4530-9CE2-922B235209AC}.Release|x86.Build.0 = Release|Any CPU
		{B38D940E-0439-4E4A-BDA1-889ACB52BBC2}.Debug|Any CPU.ActiveCfg = Debug|Any CPU
		{B38D940E-0439-4E4A-BDA1-889ACB52BBC2}.Debug|Any CPU.Build.0 = Debug|Any CPU
		{B38D940E-0439-4E4A-BDA1-889ACB52BBC2}.Debug|x86.ActiveCfg = Debug|Any CPU
		{B38D940E-0439-4E4A-BDA1-889ACB52BBC2}.Debug|x86.Build.0 = Debug|Any CPU
		{B38D940E-0439-4E4A-BDA1-889ACB52BBC2}.Release|Any CPU.ActiveCfg = Release|Any CPU
		{B38D940E-0439-4E4A-BDA1-889ACB52BBC2}.Release|Any CPU.Build.0 = Release|Any CPU
		{B38D940E-0439-4E4A-BDA1-889ACB52BBC2}.Release|x86.ActiveCfg = Release|Any CPU
		{B38D940E-0439-4E4A-BDA1-889ACB52BBC2}.Release|x86.Build.0 = Release|Any CPU
		{A288E7C1-D813-441F-B4A6-FA76D33F3A1A}.Debug|Any CPU.ActiveCfg = Debug|Any CPU
		{A288E7C1-D813-441F-B4A6-FA76D33F3A1A}.Debug|Any CPU.Build.0 = Debug|Any CPU
		{A288E7C1-D813-441F-B4A6-FA76D33F3A1A}.Debug|x86.ActiveCfg = Debug|Any CPU
		{A288E7C1-D813-441F-B4A6-FA76D33F3A1A}.Debug|x86.Build.0 = Debug|Any CPU
		{A288E7C1-D813-441F-B4A6-FA76D33F3A1A}.Release|Any CPU.ActiveCfg = Release|Any CPU
		{A288E7C1-D813-441F-B4A6-FA76D33F3A1A}.Release|Any CPU.Build.0 = Release|Any CPU
		{A288E7C1-D813-441F-B4A6-FA76D33F3A1A}.Release|x86.ActiveCfg = Release|Any CPU
		{A288E7C1-D813-441F-B4A6-FA76D33F3A1A}.Release|x86.Build.0 = Release|Any CPU
	EndGlobalSection
	GlobalSection(SolutionProperties) = preSolution
		HideSolutionNode = FALSE
	EndGlobalSection
	GlobalSection(NestedProjects) = preSolution
		{4A1D2DFA-D091-4CD2-B9CB-D7AAA795ABD9} = {92F40AFA-8416-40BE-9893-D35E1924C69D}
		{FBFB499A-7022-4417-881B-68F63DBDB7F4} = {E011B243-0389-468B-B903-83445BED69A4}
		{88AD0A79-5286-4C1C-8A58-AAC9E6870CCD} = {92F40AFA-8416-40BE-9893-D35E1924C69D}
		{F3986DD3-0372-4929-B72A-09D93196541E} = {92F40AFA-8416-40BE-9893-D35E1924C69D}
		{63FFF880-FE34-4E4E-A35F-35AFB47EE82D} = {4A1D2DFA-D091-4CD2-B9CB-D7AAA795ABD9}
		{C0E6E30C-313B-43BD-A7DE-C9AC3A186978} = {F3986DD3-0372-4929-B72A-09D93196541E}
		{581C8A81-D51D-4E01-8BFC-6DB376F877D8} = {F3986DD3-0372-4929-B72A-09D93196541E}
		{2E5D7D53-809B-487D-8629-6F8A44DD2A3C} = {F3986DD3-0372-4929-B72A-09D93196541E}
		{3411B48D-4F28-4605-86B4-8B547EA5635E} = {F3986DD3-0372-4929-B72A-09D93196541E}
		{4563A3D6-CFBE-4DC9-90AC-F68C41B15696} = {F3986DD3-0372-4929-B72A-09D93196541E}
		{96168F63-000F-49CA-A1A8-A0A6D5BC0F9F} = {F3986DD3-0372-4929-B72A-09D93196541E}
		{D89998DA-2831-4831-A8BA-892E1DDE51C8} = {88AD0A79-5286-4C1C-8A58-AAC9E6870CCD}
		{883DE6EA-0012-4A61-88C7-B0764B20D6EA} = {F3986DD3-0372-4929-B72A-09D93196541E}
		{7A9CCD94-18B6-4D76-8222-2B501E837952} = {88AD0A79-5286-4C1C-8A58-AAC9E6870CCD}
		{D1005C54-8331-4BBC-8F86-3A2E4F90F069} = {4A1D2DFA-D091-4CD2-B9CB-D7AAA795ABD9}
		{766F2A5A-2516-4581-A411-AB362D55E7F8} = {4A1D2DFA-D091-4CD2-B9CB-D7AAA795ABD9}
		{23B4E7E8-CED8-4177-A6D8-ED077DD981F7} = {4A1D2DFA-D091-4CD2-B9CB-D7AAA795ABD9}
		{895FF7F9-4035-4EF8-9924-0F28A2A10AE7} = {92F40AFA-8416-40BE-9893-D35E1924C69D}
		{BB7CE13B-A3AE-40FA-9FEB-60D64BF41F62} = {895FF7F9-4035-4EF8-9924-0F28A2A10AE7}
		{8D365019-6022-4530-9CE2-922B235209AC} = {F3986DD3-0372-4929-B72A-09D93196541E}
		{B38D940E-0439-4E4A-BDA1-889ACB52BBC2} = {F3986DD3-0372-4929-B72A-09D93196541E}
		{A288E7C1-D813-441F-B4A6-FA76D33F3A1A} = {F3986DD3-0372-4929-B72A-09D93196541E}
	EndGlobalSection
	GlobalSection(ExtensibilityGlobals) = postSolution
		SolutionGuid = {B83BA2BA-19E5-41FB-A92A-16A03DA229E4}
	EndGlobalSection
EndGlobal
